
Microsoft Visual Studio Solution File, Format Version 12.00
# Visual Studio Version 16
VisualStudioVersion = 16.0.29009.5
MinimumVisualStudioVersion = 10.0.40219.1
Project("{FAE04EC0-301F-11D3-BF4B-00C04F79EFBC}") = "Study.Android", "Study\Study.Android\Study.Android.csproj", "{F837B0FD-F57A-40F5-B671-3F78B4939910}"
EndProject
Project("{FAE04EC0-301F-11D3-BF4B-00C04F79EFBC}") = "Study.iOS", "Study\Study.iOS\Study.iOS.csproj", "{7A757B43-15BB-4217-A802-7E9D4843D166}"
EndProject
Project("{9A19103F-16F7-4668-BE54-9A1E7A4F7556}") = "Study", "Study\Study\Study.csproj", "{4BDB1600-D37E-4C5C-BD2A-DF3480709EE7}"
EndProject
Project("{FAE04EC0-301F-11D3-BF4B-00C04F79EFBC}") = "Study.UWP", "Study\Study.UWP\Study.UWP.csproj", "{B9948713-5CFB-49E2-AD25-6C0F6F0C1F27}"
EndProject
Global
	GlobalSection(SolutionConfigurationPlatforms) = preSolution
		Debug|Any CPU = Debug|Any CPU
		Debug|ARM = Debug|ARM
		Debug|iPhone = Debug|iPhone
		Debug|iPhoneSimulator = Debug|iPhoneSimulator
		Debug|x64 = Debug|x64
		Debug|x86 = Debug|x86
		Release|Any CPU = Release|Any CPU
		Release|ARM = Release|ARM
		Release|iPhone = Release|iPhone
		Release|iPhoneSimulator = Release|iPhoneSimulator
		Release|x64 = Release|x64
		Release|x86 = Release|x86
	EndGlobalSection
	GlobalSection(ProjectConfigurationPlatforms) = postSolution
		{F837B0FD-F57A-40F5-B671-3F78B4939910}.Debug|Any CPU.ActiveCfg = Debug|Any CPU
		{F837B0FD-F57A-40F5-B671-3F78B4939910}.Debug|Any CPU.Build.0 = Debug|Any CPU
		{F837B0FD-F57A-40F5-B671-3F78B4939910}.Debug|Any CPU.Deploy.0 = Debug|Any CPU
		{F837B0FD-F57A-40F5-B671-3F78B4939910}.Debug|ARM.ActiveCfg = Debug|Any CPU
		{F837B0FD-F57A-40F5-B671-3F78B4939910}.Debug|ARM.Build.0 = Debug|Any CPU
		{F837B0FD-F57A-40F5-B671-3F78B4939910}.Debug|ARM.Deploy.0 = Debug|Any CPU
		{F837B0FD-F57A-40F5-B671-3F78B4939910}.Debug|iPhone.ActiveCfg = Debug|Any CPU
		{F837B0FD-F57A-40F5-B671-3F78B4939910}.Debug|iPhone.Build.0 = Debug|Any CPU
		{F837B0FD-F57A-40F5-B671-3F78B4939910}.Debug|iPhone.Deploy.0 = Debug|Any CPU
		{F837B0FD-F57A-40F5-B671-3F78B4939910}.Debug|iPhoneSimulator.ActiveCfg = Debug|Any CPU
		{F837B0FD-F57A-40F5-B671-3F78B4939910}.Debug|iPhoneSimulator.Build.0 = Debug|Any CPU
		{F837B0FD-F57A-40F5-B671-3F78B4939910}.Debug|iPhoneSimulator.Deploy.0 = Debug|Any CPU
		{F837B0FD-F57A-40F5-B671-3F78B4939910}.Debug|x64.ActiveCfg = Debug|Any CPU
		{F837B0FD-F57A-40F5-B671-3F78B4939910}.Debug|x64.Build.0 = Debug|Any CPU
		{F837B0FD-F57A-40F5-B671-3F78B4939910}.Debug|x64.Deploy.0 = Debug|Any CPU
		{F837B0FD-F57A-40F5-B671-3F78B4939910}.Debug|x86.ActiveCfg = Debug|Any CPU
		{F837B0FD-F57A-40F5-B671-3F78B4939910}.Debug|x86.Build.0 = Debug|Any CPU
		{F837B0FD-F57A-40F5-B671-3F78B4939910}.Debug|x86.Deploy.0 = Debug|Any CPU
		{F837B0FD-F57A-40F5-B671-3F78B4939910}.Release|Any CPU.ActiveCfg = Release|Any CPU
		{F837B0FD-F57A-40F5-B671-3F78B4939910}.Release|Any CPU.Build.0 = Release|Any CPU
		{F837B0FD-F57A-40F5-B671-3F78B4939910}.Release|Any CPU.Deploy.0 = Release|Any CPU
		{F837B0FD-F57A-40F5-B671-3F78B4939910}.Release|ARM.ActiveCfg = Release|Any CPU
		{F837B0FD-F57A-40F5-B671-3F78B4939910}.Release|ARM.Build.0 = Release|Any CPU
		{F837B0FD-F57A-40F5-B671-3F78B4939910}.Release|ARM.Deploy.0 = Release|Any CPU
		{F837B0FD-F57A-40F5-B671-3F78B4939910}.Release|iPhone.ActiveCfg = Release|Any CPU
		{F837B0FD-F57A-40F5-B671-3F78B4939910}.Release|iPhone.Build.0 = Release|Any CPU
		{F837B0FD-F57A-40F5-B671-3F78B4939910}.Release|iPhone.Deploy.0 = Release|Any CPU
		{F837B0FD-F57A-40F5-B671-3F78B4939910}.Release|iPhoneSimulator.ActiveCfg = Release|Any CPU
		{F837B0FD-F57A-40F5-B671-3F78B4939910}.Release|iPhoneSimulator.Build.0 = Release|Any CPU
		{F837B0FD-F57A-40F5-B671-3F78B4939910}.Release|iPhoneSimulator.Deploy.0 = Release|Any CPU
		{F837B0FD-F57A-40F5-B671-3F78B4939910}.Release|x64.ActiveCfg = Release|Any CPU
		{F837B0FD-F57A-40F5-B671-3F78B4939910}.Release|x64.Build.0 = Release|Any CPU
		{F837B0FD-F57A-40F5-B671-3F78B4939910}.Release|x64.Deploy.0 = Release|Any CPU
		{F837B0FD-F57A-40F5-B671-3F78B4939910}.Release|x86.ActiveCfg = Release|Any CPU
		{F837B0FD-F57A-40F5-B671-3F78B4939910}.Release|x86.Build.0 = Release|Any CPU
		{F837B0FD-F57A-40F5-B671-3F78B4939910}.Release|x86.Deploy.0 = Release|Any CPU
		{7A757B43-15BB-4217-A802-7E9D4843D166}.Debug|Any CPU.ActiveCfg = Debug|iPhoneSimulator
		{7A757B43-15BB-4217-A802-7E9D4843D166}.Debug|Any CPU.Build.0 = Debug|iPhoneSimulator
		{7A757B43-15BB-4217-A802-7E9D4843D166}.Debug|Any CPU.Deploy.0 = Debug|iPhoneSimulator
		{7A757B43-15BB-4217-A802-7E9D4843D166}.Debug|ARM.ActiveCfg = Debug|iPhone
		{7A757B43-15BB-4217-A802-7E9D4843D166}.Debug|iPhone.ActiveCfg = Debug|iPhone
		{7A757B43-15BB-4217-A802-7E9D4843D166}.Debug|iPhone.Build.0 = Debug|iPhone
		{7A757B43-15BB-4217-A802-7E9D4843D166}.Debug|iPhone.Deploy.0 = Debug|iPhone
		{7A757B43-15BB-4217-A802-7E9D4843D166}.Debug|iPhoneSimulator.ActiveCfg = Debug|iPhoneSimulator
		{7A757B43-15BB-4217-A802-7E9D4843D166}.Debug|iPhoneSimulator.Build.0 = Debug|iPhoneSimulator
		{7A757B43-15BB-4217-A802-7E9D4843D166}.Debug|iPhoneSimulator.Deploy.0 = Debug|iPhoneSimulator
		{7A757B43-15BB-4217-A802-7E9D4843D166}.Debug|x64.ActiveCfg = Debug|iPhone
		{7A757B43-15BB-4217-A802-7E9D4843D166}.Debug|x86.ActiveCfg = Debug|iPhone
		{7A757B43-15BB-4217-A802-7E9D4843D166}.Release|Any CPU.ActiveCfg = Release|iPhone
		{7A757B43-15BB-4217-A802-7E9D4843D166}.Release|Any CPU.Build.0 = Release|iPhone
		{7A757B43-15BB-4217-A802-7E9D4843D166}.Release|Any CPU.Deploy.0 = Release|iPhone
		{7A757B43-15BB-4217-A802-7E9D4843D166}.Release|ARM.ActiveCfg = Release|iPhone
		{7A757B43-15BB-4217-A802-7E9D4843D166}.Release|iPhone.ActiveCfg = Release|iPhone
		{7A757B43-15BB-4217-A802-7E9D4843D166}.Release|iPhone.Build.0 = Release|iPhone
		{7A757B43-15BB-4217-A802-7E9D4843D166}.Release|iPhone.Deploy.0 = Release|iPhone
		{7A757B43-15BB-4217-A802-7E9D4843D166}.Release|iPhoneSimulator.ActiveCfg = Release|iPhoneSimulator
		{7A757B43-15BB-4217-A802-7E9D4843D166}.Release|iPhoneSimulator.Build.0 = Release|iPhoneSimulator
		{7A757B43-15BB-4217-A802-7E9D4843D166}.Release|iPhoneSimulator.Deploy.0 = Release|iPhoneSimulator
		{7A757B43-15BB-4217-A802-7E9D4843D166}.Release|x64.ActiveCfg = Release|iPhone
		{7A757B43-15BB-4217-A802-7E9D4843D166}.Release|x86.ActiveCfg = Release|iPhone
		{4BDB1600-D37E-4C5C-BD2A-DF3480709EE7}.Debug|Any CPU.ActiveCfg = Debug|Any CPU
		{4BDB1600-D37E-4C5C-BD2A-DF3480709EE7}.Debug|Any CPU.Build.0 = Debug|Any CPU
		{4BDB1600-D37E-4C5C-BD2A-DF3480709EE7}.Debug|Any CPU.Deploy.0 = Debug|Any CPU
		{4BDB1600-D37E-4C5C-BD2A-DF3480709EE7}.Debug|ARM.ActiveCfg = Debug|Any CPU
		{4BDB1600-D37E-4C5C-BD2A-DF3480709EE7}.Debug|ARM.Build.0 = Debug|Any CPU
		{4BDB1600-D37E-4C5C-BD2A-DF3480709EE7}.Debug|iPhone.ActiveCfg = Debug|Any CPU
		{4BDB1600-D37E-4C5C-BD2A-DF3480709EE7}.Debug|iPhone.Build.0 = Debug|Any CPU
		{4BDB1600-D37E-4C5C-BD2A-DF3480709EE7}.Debug|iPhone.Deploy.0 = Debug|Any CPU
		{4BDB1600-D37E-4C5C-BD2A-DF3480709EE7}.Debug|iPhoneSimulator.ActiveCfg = Debug|Any CPU
		{4BDB1600-D37E-4C5C-BD2A-DF3480709EE7}.Debug|iPhoneSimulator.Build.0 = Debug|Any CPU
		{4BDB1600-D37E-4C5C-BD2A-DF3480709EE7}.Debug|iPhoneSimulator.Deploy.0 = Debug|Any CPU
		{4BDB1600-D37E-4C5C-BD2A-DF3480709EE7}.Debug|x64.ActiveCfg = Debug|Any CPU
		{4BDB1600-D37E-4C5C-BD2A-DF3480709EE7}.Debug|x64.Build.0 = Debug|Any CPU
		{4BDB1600-D37E-4C5C-BD2A-DF3480709EE7}.Debug|x86.ActiveCfg = Debug|Any CPU
		{4BDB1600-D37E-4C5C-BD2A-DF3480709EE7}.Debug|x86.Build.0 = Debug|Any CPU
		{4BDB1600-D37E-4C5C-BD2A-DF3480709EE7}.Release|Any CPU.ActiveCfg = Release|Any CPU
		{4BDB1600-D37E-4C5C-BD2A-DF3480709EE7}.Release|Any CPU.Build.0 = Release|Any CPU
		{4BDB1600-D37E-4C5C-BD2A-DF3480709EE7}.Release|Any CPU.Deploy.0 = Release|Any CPU
		{4BDB1600-D37E-4C5C-BD2A-DF3480709EE7}.Release|ARM.ActiveCfg = Release|Any CPU
		{4BDB1600-D37E-4C5C-BD2A-DF3480709EE7}.Release|ARM.Build.0 = Release|Any CPU
		{4BDB1600-D37E-4C5C-BD2A-DF3480709EE7}.Release|iPhone.ActiveCfg = Release|Any CPU
		{4BDB1600-D37E-4C5C-BD2A-DF3480709EE7}.Release|iPhone.Build.0 = Release|Any CPU
		{4BDB1600-D37E-4C5C-BD2A-DF3480709EE7}.Release|iPhone.Deploy.0 = Release|Any CPU
		{4BDB1600-D37E-4C5C-BD2A-DF3480709EE7}.Release|iPhoneSimulator.ActiveCfg = Release|Any CPU
		{4BDB1600-D37E-4C5C-BD2A-DF3480709EE7}.Release|iPhoneSimulator.Build.0 = Release|Any CPU
		{4BDB1600-D37E-4C5C-BD2A-DF3480709EE7}.Release|iPhoneSimulator.Deploy.0 = Release|Any CPU
		{4BDB1600-D37E-4C5C-BD2A-DF3480709EE7}.Release|x64.ActiveCfg = Release|Any CPU
		{4BDB1600-D37E-4C5C-BD2A-DF3480709EE7}.Release|x64.Build.0 = Release|Any CPU
		{4BDB1600-D37E-4C5C-BD2A-DF3480709EE7}.Release|x86.ActiveCfg = Release|Any CPU
		{4BDB1600-D37E-4C5C-BD2A-DF3480709EE7}.Release|x86.Build.0 = Release|Any CPU
		{B9948713-5CFB-49E2-AD25-6C0F6F0C1F27}.Debug|Any CPU.ActiveCfg = Debug|x86
		{B9948713-5CFB-49E2-AD25-6C0F6F0C1F27}.Debug|ARM.ActiveCfg = Debug|ARM
		{B9948713-5CFB-49E2-AD25-6C0F6F0C1F27}.Debug|ARM.Build.0 = Debug|ARM
		{B9948713-5CFB-49E2-AD25-6C0F6F0C1F27}.Debug|ARM.Deploy.0 = Debug|ARM
		{B9948713-5CFB-49E2-AD25-6C0F6F0C1F27}.Debug|iPhone.ActiveCfg = Debug|x86
		{B9948713-5CFB-49E2-AD25-6C0F6F0C1F27}.Debug|iPhoneSimulator.ActiveCfg = Debug|x86
		{B9948713-5CFB-49E2-AD25-6C0F6F0C1F27}.Debug|x64.ActiveCfg = Debug|x64
		{B9948713-5CFB-49E2-AD25-6C0F6F0C1F27}.Debug|x64.Build.0 = Debug|x64
		{B9948713-5CFB-49E2-AD25-6C0F6F0C1F27}.Debug|x64.Deploy.0 = Debug|x64
		{B9948713-5CFB-49E2-AD25-6C0F6F0C1F27}.Debug|x86.ActiveCfg = Debug|x86
		{B9948713-5CFB-49E2-AD25-6C0F6F0C1F27}.Debug|x86.Build.0 = Debug|x86
		{B9948713-5CFB-49E2-AD25-6C0F6F0C1F27}.Debug|x86.Deploy.0 = Debug|x86
		{B9948713-5CFB-49E2-AD25-6C0F6F0C1F27}.Release|Any CPU.ActiveCfg = Release|x86
		{B9948713-5CFB-49E2-AD25-6C0F6F0C1F27}.Release|ARM.ActiveCfg = Release|ARM
		{B9948713-5CFB-49E2-AD25-6C0F6F0C1F27}.Release|ARM.Build.0 = Release|ARM
		{B9948713-5CFB-49E2-AD25-6C0F6F0C1F27}.Release|ARM.Deploy.0 = Release|ARM
		{B9948713-5CFB-49E2-AD25-6C0F6F0C1F27}.Release|iPhone.ActiveCfg = Release|x86
		{B9948713-5CFB-49E2-AD25-6C0F6F0C1F27}.Release|iPhoneSimulator.ActiveCfg = Release|x86
		{B9948713-5CFB-49E2-AD25-6C0F6F0C1F27}.Release|x64.ActiveCfg = Release|x64
		{B9948713-5CFB-49E2-AD25-6C0F6F0C1F27}.Release|x64.Build.0 = Release|x64
		{B9948713-5CFB-49E2-AD25-6C0F6F0C1F27}.Release|x64.Deploy.0 = Release|x64
		{B9948713-5CFB-49E2-AD25-6C0F6F0C1F27}.Release|x86.ActiveCfg = Release|x86
		{B9948713-5CFB-49E2-AD25-6C0F6F0C1F27}.Release|x86.Build.0 = Release|x86
		{B9948713-5CFB-49E2-AD25-6C0F6F0C1F27}.Release|x86.Deploy.0 = Release|x86
	EndGlobalSection
	GlobalSection(SolutionProperties) = preSolution
		HideSolutionNode = FALSE
	EndGlobalSection
	GlobalSection(ExtensibilityGlobals) = postSolution
		SolutionGuid = {A49B4F14-4D3A-4A05-BE64-C07C93D8921B}
	EndGlobalSection
EndGlobal
